
Microsoft Visual Studio Solution File, Format Version 12.00
# Visual Studio Version 16
VisualStudioVersion = 16.0.29609.76
MinimumVisualStudioVersion = 10.0.40219.1
Project("{FAE04EC0-301F-11D3-BF4B-00C04F79EFBC}") = "Tema-10.2-Matrix", "Tema-10.2-Matrix.csproj", "{F692B46C-A50A-4233-B5E3-0A526A96F667}"
EndProject
Global
	GlobalSection(SolutionConfigurationPlatforms) = preSolution
		Debug|Any CPU = Debug|Any CPU
		Release|Any CPU = Release|Any CPU
	EndGlobalSection
	GlobalSection(ProjectConfigurationPlatforms) = postSolution
		{F692B46C-A50A-4233-B5E3-0A526A96F667}.Debug|Any CPU.ActiveCfg = Debug|Any CPU
		{F692B46C-A50A-4233-B5E3-0A526A96F667}.Debug|Any CPU.Build.0 = Debug|Any CPU
		{F692B46C-A50A-4233-B5E3-0A526A96F667}.Release|Any CPU.ActiveCfg = Release|Any CPU
		{F692B46C-A50A-4233-B5E3-0A526A96F667}.Release|Any CPU.Build.0 = Release|Any CPU
	EndGlobalSection
	GlobalSection(SolutionProperties) = preSolution
		HideSolutionNode = FALSE
	EndGlobalSection
	GlobalSection(ExtensibilityGlobals) = postSolution
		SolutionGuid = {4CE717A1-79D9-4F7B-B973-9E3DACD5B3FD}
	EndGlobalSection
EndGlobal
